
Microsoft Visual Studio Solution File, Format Version 12.00
# Visual Studio Version 17
VisualStudioVersion = 17.0.32002.185
MinimumVisualStudioVersion = 10.0.40219.1
Project("{FAE04EC0-301F-11D3-BF4B-00C04F79EFBC}") = "ConsoleApp7", "ConsoleApp7\ConsoleApp7.csproj", "{489BD9EE-6365-4313-B733-81C86DC64FA6}"
EndProject
Global
	GlobalSection(SolutionConfigurationPlatforms) = preSolution
		Debug|Any CPU = Debug|Any CPU
		Release|Any CPU = Release|Any CPU
	EndGlobalSection
	GlobalSection(ProjectConfigurationPlatforms) = postSolution
		{489BD9EE-6365-4313-B733-81C86DC64FA6}.Debug|Any CPU.ActiveCfg = Debug|Any CPU
		{489BD9EE-6365-4313-B733-81C86DC64FA6}.Debug|Any CPU.Build.0 = Debug|Any CPU
		{489BD9EE-6365-4313-B733-81C86DC64FA6}.Release|Any CPU.ActiveCfg = Release|Any CPU
		{489BD9EE-6365-4313-B733-81C86DC64FA6}.Release|Any CPU.Build.0 = Release|Any CPU
	EndGlobalSection
	GlobalSection(SolutionProperties) = preSolution
		HideSolutionNode = FALSE
	EndGlobalSection
	GlobalSection(ExtensibilityGlobals) = postSolution
		SolutionGuid = {1A0278CC-9FF6-49C9-81C0-A60ED6D82C54}
	EndGlobalSection
EndGlobal
